<Solution>
  <Folder Name="/src/">
    <Project Path="src/OnboardingSIGDB1.API/OnboardingSIGDB1.API.csproj" />
    <Project Path="src/OnboardingSIGDB1.Data/OnboardingSIGDB1.Data.csproj" />
    <Project Path="src/OnboardingSIGDB1.Domain/OnboardingSIGDB1.Domain.csproj" />
    <Project Path="src/OnboardingSIGDB1.IOC/OnboardingSIGDB1.IOC.csproj" />
  </Folder>
</Solution>
